
Microsoft Visual Studio Solution File, Format Version 12.00
# Visual Studio Version 17
VisualStudioVersion = 17.0.32014.148
MinimumVisualStudioVersion = 10.0.40219.1
Project("{9A19103F-16F7-4668-BE54-9A1E7A4F7556}") = "DBCompare", "DBCompare\DBCompare.csproj", "{E6B09B88-22DA-44F8-A904-5774E2059297}"
EndProject
Global
	GlobalSection(SolutionConfigurationPlatforms) = preSolution
		CD_ROM|Any CPU = CD_ROM|Any CPU
		CD_ROM|Mixed Platforms = CD_ROM|Mixed Platforms
		CD_ROM|x64 = CD_ROM|x64
		CD_ROM|x86 = CD_ROM|x86
		Debug|Any CPU = Debug|Any CPU
		Debug|Mixed Platforms = Debug|Mixed Platforms
		Debug|x64 = Debug|x64
		Debug|x86 = Debug|x86
		DVD-5|Any CPU = DVD-5|Any CPU
		DVD-5|Mixed Platforms = DVD-5|Mixed Platforms
		DVD-5|x64 = DVD-5|x64
		DVD-5|x86 = DVD-5|x86
		Release|Any CPU = Release|Any CPU
		Release|Mixed Platforms = Release|Mixed Platforms
		Release|x64 = Release|x64
		Release|x86 = Release|x86
		SingleImage|Any CPU = SingleImage|Any CPU
		SingleImage|Mixed Platforms = SingleImage|Mixed Platforms
		SingleImage|x64 = SingleImage|x64
		SingleImage|x86 = SingleImage|x86
	EndGlobalSection
	GlobalSection(ProjectConfigurationPlatforms) = postSolution
		{E6B09B88-22DA-44F8-A904-5774E2059297}.CD_ROM|Any CPU.ActiveCfg = Release|x86
		{E6B09B88-22DA-44F8-A904-5774E2059297}.CD_ROM|Mixed Platforms.ActiveCfg = Release|x86
		{E6B09B88-22DA-44F8-A904-5774E2059297}.CD_ROM|Mixed Platforms.Build.0 = Release|x86
		{E6B09B88-22DA-44F8-A904-5774E2059297}.CD_ROM|x64.ActiveCfg = Release|x64
		{E6B09B88-22DA-44F8-A904-5774E2059297}.CD_ROM|x64.Build.0 = Release|x64
		{E6B09B88-22DA-44F8-A904-5774E2059297}.CD_ROM|x86.ActiveCfg = Release|x86
		{E6B09B88-22DA-44F8-A904-5774E2059297}.CD_ROM|x86.Build.0 = Release|x86
		{E6B09B88-22DA-44F8-A904-5774E2059297}.Debug|Any CPU.ActiveCfg = Debug|Any CPU
		{E6B09B88-22DA-44F8-A904-5774E2059297}.Debug|Any CPU.Build.0 = Debug|Any CPU
		{E6B09B88-22DA-44F8-A904-5774E2059297}.Debug|Mixed Platforms.ActiveCfg = Debug|Any CPU
		{E6B09B88-22DA-44F8-A904-5774E2059297}.Debug|Mixed Platforms.Build.0 = Debug|Any CPU
		{E6B09B88-22DA-44F8-A904-5774E2059297}.Debug|x64.ActiveCfg = Debug|Any CPU
		{E6B09B88-22DA-44F8-A904-5774E2059297}.Debug|x64.Build.0 = Debug|Any CPU
		{E6B09B88-22DA-44F8-A904-5774E2059297}.Debug|x86.ActiveCfg = Debug|x86
		{E6B09B88-22DA-44F8-A904-5774E2059297}.Debug|x86.Build.0 = Debug|x86
		{E6B09B88-22DA-44F8-A904-5774E2059297}.DVD-5|Any CPU.ActiveCfg = Debug|x86
		{E6B09B88-22DA-44F8-A904-5774E2059297}.DVD-5|Mixed Platforms.ActiveCfg = Debug|x86
		{E6B09B88-22DA-44F8-A904-5774E2059297}.DVD-5|Mixed Platforms.Build.0 = Debug|x86
		{E6B09B88-22DA-44F8-A904-5774E2059297}.DVD-5|x64.ActiveCfg = Debug|x64
		{E6B09B88-22DA-44F8-A904-5774E2059297}.DVD-5|x64.Build.0 = Debug|x64
		{E6B09B88-22DA-44F8-A904-5774E2059297}.DVD-5|x86.ActiveCfg = Debug|x86
		{E6B09B88-22DA-44F8-A904-5774E2059297}.DVD-5|x86.Build.0 = Debug|x86
		{E6B09B88-22DA-44F8-A904-5774E2059297}.Release|Any CPU.ActiveCfg = Release|Any CPU
		{E6B09B88-22DA-44F8-A904-5774E2059297}.Release|Any CPU.Build.0 = Release|Any CPU
		{E6B09B88-22DA-44F8-A904-5774E2059297}.Release|Mixed Platforms.ActiveCfg = Release|Any CPU
		{E6B09B88-22DA-44F8-A904-5774E2059297}.Release|Mixed Platforms.Build.0 = Release|Any CPU
		{E6B09B88-22DA-44F8-A904-5774E2059297}.Release|x64.ActiveCfg = Release|Any CPU
		{E6B09B88-22DA-44F8-A904-5774E2059297}.Release|x64.Build.0 = Release|Any CPU
		{E6B09B88-22DA-44F8-A904-5774E2059297}.Release|x86.ActiveCfg = Release|x86
		{E6B09B88-22DA-44F8-A904-5774E2059297}.Release|x86.Build.0 = Release|x86
		{E6B09B88-22DA-44F8-A904-5774E2059297}.SingleImage|Any CPU.ActiveCfg = Release|x86
		{E6B09B88-22DA-44F8-A904-5774E2059297}.SingleImage|Mixed Platforms.ActiveCfg = Release|x86
		{E6B09B88-22DA-44F8-A904-5774E2059297}.SingleImage|Mixed Platforms.Build.0 = Release|x86
		{E6B09B88-22DA-44F8-A904-5774E2059297}.SingleImage|x64.ActiveCfg = Release|x64
		{E6B09B88-22DA-44F8-A904-5774E2059297}.SingleImage|x64.Build.0 = Release|x64
		{E6B09B88-22DA-44F8-A904-5774E2059297}.SingleImage|x86.ActiveCfg = Release|x86
		{E6B09B88-22DA-44F8-A904-5774E2059297}.SingleImage|x86.Build.0 = Release|x86
	EndGlobalSection
	GlobalSection(SolutionProperties) = preSolution
		HideSolutionNode = FALSE
	EndGlobalSection
	GlobalSection(ExtensibilityGlobals) = postSolution
		SolutionGuid = {8DA06D0F-28FA-4178-9850-80BE14E07FC1}
	EndGlobalSection
EndGlobal
